
Microsoft Visual Studio Solution File, Format Version 12.00
# Visual Studio 15
VisualStudioVersion = 15.0.26124.0
MinimumVisualStudioVersion = 15.0.26124.0
Project("{2150E333-8FDC-42A3-9474-1A3956D46DE8}") = "src", "src", "{6B278BEA-F572-4D4A-8D98-8FBF7C46E976}"
EndProject
Project("{FAE04EC0-301F-11D3-BF4B-00C04F79EFBC}") = "SimpleAPI", "src\SimpleAPI\SimpleAPI.csproj", "{85D0D83B-FDED-4DAC-B8DA-104D2F4E1244}"
EndProject
Project("{2150E333-8FDC-42A3-9474-1A3956D46DE8}") = "test", "test", "{65362F38-4E63-45DC-91FB-F6484397D757}"
EndProject
Project("{FAE04EC0-301F-11D3-BF4B-00C04F79EFBC}") = "SimpleAPI.Test", "test\SimpleAPI.Test\SimpleAPI.Test.csproj", "{21ECE22C-6019-4452-B970-16B98B9595BC}"
EndProject
Global
	GlobalSection(SolutionConfigurationPlatforms) = preSolution
		Debug|Any CPU = Debug|Any CPU
		Debug|x64 = Debug|x64
		Debug|x86 = Debug|x86
		Release|Any CPU = Release|Any CPU
		Release|x64 = Release|x64
		Release|x86 = Release|x86
	EndGlobalSection
	GlobalSection(SolutionProperties) = preSolution
		HideSolutionNode = FALSE
	EndGlobalSection
	GlobalSection(ProjectConfigurationPlatforms) = postSolution
		{85D0D83B-FDED-4DAC-B8DA-104D2F4E1244}.Debug|Any CPU.ActiveCfg = Debug|Any CPU
		{85D0D83B-FDED-4DAC-B8DA-104D2F4E1244}.Debug|Any CPU.Build.0 = Debug|Any CPU
		{85D0D83B-FDED-4DAC-B8DA-104D2F4E1244}.Debug|x64.ActiveCfg = Debug|Any CPU
		{85D0D83B-FDED-4DAC-B8DA-104D2F4E1244}.Debug|x64.Build.0 = Debug|Any CPU
		{85D0D83B-FDED-4DAC-B8DA-104D2F4E1244}.Debug|x86.ActiveCfg = Debug|Any CPU
		{85D0D83B-FDED-4DAC-B8DA-104D2F4E1244}.Debug|x86.Build.0 = Debug|Any CPU
		{85D0D83B-FDED-4DAC-B8DA-104D2F4E1244}.Release|Any CPU.ActiveCfg = Release|Any CPU
		{85D0D83B-FDED-4DAC-B8DA-104D2F4E1244}.Release|Any CPU.Build.0 = Release|Any CPU
		{85D0D83B-FDED-4DAC-B8DA-104D2F4E1244}.Release|x64.ActiveCfg = Release|Any CPU
		{85D0D83B-FDED-4DAC-B8DA-104D2F4E1244}.Release|x64.Build.0 = Release|Any CPU
		{85D0D83B-FDED-4DAC-B8DA-104D2F4E1244}.Release|x86.ActiveCfg = Release|Any CPU
		{85D0D83B-FDED-4DAC-B8DA-104D2F4E1244}.Release|x86.Build.0 = Release|Any CPU
		{21ECE22C-6019-4452-B970-16B98B9595BC}.Debug|Any CPU.ActiveCfg = Debug|Any CPU
		{21ECE22C-6019-4452-B970-16B98B9595BC}.Debug|Any CPU.Build.0 = Debug|Any CPU
		{21ECE22C-6019-4452-B970-16B98B9595BC}.Debug|x64.ActiveCfg = Debug|Any CPU
		{21ECE22C-6019-4452-B970-16B98B9595BC}.Debug|x64.Build.0 = Debug|Any CPU
		{21ECE22C-6019-4452-B970-16B98B9595BC}.Debug|x86.ActiveCfg = Debug|Any CPU
		{21ECE22C-6019-4452-B970-16B98B9595BC}.Debug|x86.Build.0 = Debug|Any CPU
		{21ECE22C-6019-4452-B970-16B98B9595BC}.Release|Any CPU.ActiveCfg = Release|Any CPU
		{21ECE22C-6019-4452-B970-16B98B9595BC}.Release|Any CPU.Build.0 = Release|Any CPU
		{21ECE22C-6019-4452-B970-16B98B9595BC}.Release|x64.ActiveCfg = Release|Any CPU
		{21ECE22C-6019-4452-B970-16B98B9595BC}.Release|x64.Build.0 = Release|Any CPU
		{21ECE22C-6019-4452-B970-16B98B9595BC}.Release|x86.ActiveCfg = Release|Any CPU
		{21ECE22C-6019-4452-B970-16B98B9595BC}.Release|x86.Build.0 = Release|Any CPU
	EndGlobalSection
	GlobalSection(NestedProjects) = preSolution
		{85D0D83B-FDED-4DAC-B8DA-104D2F4E1244} = {6B278BEA-F572-4D4A-8D98-8FBF7C46E976}
		{21ECE22C-6019-4452-B970-16B98B9595BC} = {65362F38-4E63-45DC-91FB-F6484397D757}
	EndGlobalSection
EndGlobal
